
Microsoft Visual Studio Solution File, Format Version 12.00
# Visual Studio Version 16
VisualStudioVersion = 16.0.30204.135
MinimumVisualStudioVersion = 10.0.40219.1
Project("{8BC9CEB8-8B4A-11D0-8D11-00A0C91BC942}") = "member_operators_workshop", "member_operators_workshop.vcxproj", "{7E5B0ACB-CDEB-431A-BDAB-0E98D1C81589}"
EndProject
Global
	GlobalSection(SolutionConfigurationPlatforms) = preSolution
		Debug|x64 = Debug|x64
		Debug|x86 = Debug|x86
		Release|x64 = Release|x64
		Release|x86 = Release|x86
	EndGlobalSection
	GlobalSection(ProjectConfigurationPlatforms) = postSolution
		{7E5B0ACB-CDEB-431A-BDAB-0E98D1C81589}.Debug|x64.ActiveCfg = Debug|x64
		{7E5B0ACB-CDEB-431A-BDAB-0E98D1C81589}.Debug|x64.Build.0 = Debug|x64
		{7E5B0ACB-CDEB-431A-BDAB-0E98D1C81589}.Debug|x86.ActiveCfg = Debug|Win32
		{7E5B0ACB-CDEB-431A-BDAB-0E98D1C81589}.Debug|x86.Build.0 = Debug|Win32
		{7E5B0ACB-CDEB-431A-BDAB-0E98D1C81589}.Release|x64.ActiveCfg = Release|x64
		{7E5B0ACB-CDEB-431A-BDAB-0E98D1C81589}.Release|x64.Build.0 = Release|x64
		{7E5B0ACB-CDEB-431A-BDAB-0E98D1C81589}.Release|x86.ActiveCfg = Release|Win32
		{7E5B0ACB-CDEB-431A-BDAB-0E98D1C81589}.Release|x86.Build.0 = Release|Win32
	EndGlobalSection
	GlobalSection(SolutionProperties) = preSolution
		HideSolutionNode = FALSE
	EndGlobalSection
	GlobalSection(ExtensibilityGlobals) = postSolution
		SolutionGuid = {1865C8D5-1541-4FFE-AFFB-7034A1C0AC4A}
	EndGlobalSection
EndGlobal
